
Microsoft Visual Studio Solution File, Format Version 12.00
# Visual Studio Version 17
VisualStudioVersion = 17.11.35327.3
MinimumVisualStudioVersion = 10.0.40219.1
Project("{FAE04EC0-301F-11D3-BF4B-00C04F79EFBC}") = "OvningarCleanCode", "OvningarCleanCode.csproj", "{6EEF6DE2-17FE-488E-ACAC-C89C032DF85D}"
EndProject
Project("{FAE04EC0-301F-11D3-BF4B-00C04F79EFBC}") = "OvningarXUnit", "..\OvningarXUnit\OvningarXUnit.csproj", "{0E7887DD-D757-4FC1-B25B-BAE93C3DD930}"
EndProject
Global
	GlobalSection(SolutionConfigurationPlatforms) = preSolution
		Debug|Any CPU = Debug|Any CPU
		Release|Any CPU = Release|Any CPU
	EndGlobalSection
	GlobalSection(ProjectConfigurationPlatforms) = postSolution
		{6EEF6DE2-17FE-488E-ACAC-C89C032DF85D}.Debug|Any CPU.ActiveCfg = Debug|Any CPU
		{6EEF6DE2-17FE-488E-ACAC-C89C032DF85D}.Debug|Any CPU.Build.0 = Debug|Any CPU
		{6EEF6DE2-17FE-488E-ACAC-C89C032DF85D}.Release|Any CPU.ActiveCfg = Release|Any CPU
		{6EEF6DE2-17FE-488E-ACAC-C89C032DF85D}.Release|Any CPU.Build.0 = Release|Any CPU
		{0E7887DD-D757-4FC1-B25B-BAE93C3DD930}.Debug|Any CPU.ActiveCfg = Debug|Any CPU
		{0E7887DD-D757-4FC1-B25B-BAE93C3DD930}.Debug|Any CPU.Build.0 = Debug|Any CPU
		{0E7887DD-D757-4FC1-B25B-BAE93C3DD930}.Release|Any CPU.ActiveCfg = Release|Any CPU
		{0E7887DD-D757-4FC1-B25B-BAE93C3DD930}.Release|Any CPU.Build.0 = Release|Any CPU
	EndGlobalSection
	GlobalSection(SolutionProperties) = preSolution
		HideSolutionNode = FALSE
	EndGlobalSection
	GlobalSection(ExtensibilityGlobals) = postSolution
		SolutionGuid = {B386437E-0BBA-4E2E-9BA8-F94E259368CF}
	EndGlobalSection
EndGlobal
